[root]
name = "benchmark"
version = "0.0.1"
dependencies = [
 "glob 0.1.9 (registry+https://github.com/rust-lang/crates.io-index)",
 "time 0.1.15 (registry+https://github.com/rust-lang/crates.io-index)",
 "toml 0.1.16 (registry+https://github.com/rust-lang/crates.io-index)",
]

[[package]]
name = "gcc"
version = "0.1.7"
source = "registry+https://github.com/rust-lang/crates.io-index"

[[package]]
name = "glob"
version = "0.1.9"
source = "registry+https://github.com/rust-lang/crates.io-index"

[[package]]
name = "libc"
version = "0.1.1"
source = "registry+https://github.com/rust-lang/crates.io-index"

[[package]]
name = "rustc-serialize"
version = "0.2.12"
source = "registry+https://github.com/rust-lang/crates.io-index"

[[package]]
name = "time"
version = "0.1.15"
source = "registry+https://github.com/rust-lang/crates.io-index"
dependencies = [
 "gcc 0.1.7 (registry+https://github.com/rust-lang/crates.io-index)",
 "libc 0.1.1 (registry+https://github.com/rust-lang/crates.io-index)",
]

[[package]]
name = "toml"
version = "0.1.16"
source = "registry+https://github.com/rust-lang/crates.io-index"
dependencies = [
 "rustc-serialize 0.2.12 (registry+https://github.com/rust-lang/crates.io-index)",
]

