[root]
name = "swapview"
version = "0.0.1"
dependencies = [
 "sys-info 0.4.1 (registry+git://crates.mirrors.ustc.edu.cn/index)",
 "threadpool 1.0.0 (registry+git://crates.mirrors.ustc.edu.cn/index)",
]

[[package]]
name = "gcc"
version = "0.3.28"
source = "registry+git://crates.mirrors.ustc.edu.cn/index"

[[package]]
name = "sys-info"
version = "0.4.1"
source = "registry+git://crates.mirrors.ustc.edu.cn/index"
dependencies = [
 "gcc 0.3.28 (registry+git://crates.mirrors.ustc.edu.cn/index)",
]

[[package]]
name = "threadpool"
version = "1.0.0"
source = "registry+git://crates.mirrors.ustc.edu.cn/index"

